
Microsoft Visual Studio Solution File, Format Version 12.00
# Visual Studio Version 17
VisualStudioVersion = 17.3.32922.545
MinimumVisualStudioVersion = 10.0.40219.1
Project("{FAE04EC0-301F-11D3-BF4B-00C04F79EFBC}") = "BlazorDVAPIDemo", "BlazorDVAPIDemo\BlazorDVAPIDemo.csproj", "{CF79F7E4-C35F-49E2-B649-B20CAA4EB9FC}"
EndProject
Global
	GlobalSection(SolutionConfigurationPlatforms) = preSolution
		Debug|Any CPU = Debug|Any CPU
		Release|Any CPU = Release|Any CPU
	EndGlobalSection
	GlobalSection(ProjectConfigurationPlatforms) = postSolution
		{CF79F7E4-C35F-49E2-B649-B20CAA4EB9FC}.Debug|Any CPU.ActiveCfg = Debug|Any CPU
		{CF79F7E4-C35F-49E2-B649-B20CAA4EB9FC}.Debug|Any CPU.Build.0 = Debug|Any CPU
		{CF79F7E4-C35F-49E2-B649-B20CAA4EB9FC}.Release|Any CPU.ActiveCfg = Release|Any CPU
		{CF79F7E4-C35F-49E2-B649-B20CAA4EB9FC}.Release|Any CPU.Build.0 = Release|Any CPU
	EndGlobalSection
	GlobalSection(SolutionProperties) = preSolution
		HideSolutionNode = FALSE
	EndGlobalSection
	GlobalSection(ExtensibilityGlobals) = postSolution
		SolutionGuid = {CAC55B49-279F-4F14-AA65-EA6D8CD33C95}
	EndGlobalSection
EndGlobal
