
Microsoft Visual Studio Solution File, Format Version 12.00
# Visual Studio Version 17
VisualStudioVersion = 17.3.32922.545
MinimumVisualStudioVersion = 10.0.40219.1
Project("{FAE04EC0-301F-11D3-BF4B-00C04F79EFBC}") = "BlazorB2CStartSample.Server", "BlazorB2CStartSample\Server\BlazorB2CStartSample.Server.csproj", "{A2DC08DF-ACE2-43D3-AB6C-DB2711C32361}"
EndProject
Project("{FAE04EC0-301F-11D3-BF4B-00C04F79EFBC}") = "BlazorB2CStartSample.Client", "BlazorB2CStartSample\Client\BlazorB2CStartSample.Client.csproj", "{BD20837A-9DA1-44DA-B43E-631349FAE5B1}"
EndProject
Project("{FAE04EC0-301F-11D3-BF4B-00C04F79EFBC}") = "BlazorB2CStartSample.Shared", "BlazorB2CStartSample\Shared\BlazorB2CStartSample.Shared.csproj", "{5A3C7F20-9FCE-41C4-AE1D-F48E21B0DCDB}"
EndProject
Global
	GlobalSection(SolutionConfigurationPlatforms) = preSolution
		Debug|Any CPU = Debug|Any CPU
		Release|Any CPU = Release|Any CPU
	EndGlobalSection
	GlobalSection(ProjectConfigurationPlatforms) = postSolution
		{A2DC08DF-ACE2-43D3-AB6C-DB2711C32361}.Debug|Any CPU.ActiveCfg = Debug|Any CPU
		{A2DC08DF-ACE2-43D3-AB6C-DB2711C32361}.Debug|Any CPU.Build.0 = Debug|Any CPU
		{A2DC08DF-ACE2-43D3-AB6C-DB2711C32361}.Release|Any CPU.ActiveCfg = Release|Any CPU
		{A2DC08DF-ACE2-43D3-AB6C-DB2711C32361}.Release|Any CPU.Build.0 = Release|Any CPU
		{BD20837A-9DA1-44DA-B43E-631349FAE5B1}.Debug|Any CPU.ActiveCfg = Debug|Any CPU
		{BD20837A-9DA1-44DA-B43E-631349FAE5B1}.Debug|Any CPU.Build.0 = Debug|Any CPU
		{BD20837A-9DA1-44DA-B43E-631349FAE5B1}.Release|Any CPU.ActiveCfg = Release|Any CPU
		{BD20837A-9DA1-44DA-B43E-631349FAE5B1}.Release|Any CPU.Build.0 = Release|Any CPU
		{5A3C7F20-9FCE-41C4-AE1D-F48E21B0DCDB}.Debug|Any CPU.ActiveCfg = Debug|Any CPU
		{5A3C7F20-9FCE-41C4-AE1D-F48E21B0DCDB}.Debug|Any CPU.Build.0 = Debug|Any CPU
		{5A3C7F20-9FCE-41C4-AE1D-F48E21B0DCDB}.Release|Any CPU.ActiveCfg = Release|Any CPU
		{5A3C7F20-9FCE-41C4-AE1D-F48E21B0DCDB}.Release|Any CPU.Build.0 = Release|Any CPU
	EndGlobalSection
	GlobalSection(SolutionProperties) = preSolution
		HideSolutionNode = FALSE
	EndGlobalSection
	GlobalSection(ExtensibilityGlobals) = postSolution
		SolutionGuid = {C05D4AA3-D2C0-4CA2-BDDC-B9AD494DCCB5}
	EndGlobalSection
EndGlobal
